
Microsoft Visual Studio Solution File, Format Version 12.00
# Visual Studio 15
VisualStudioVersion = 15.0.26730.16
MinimumVisualStudioVersion = 10.0.40219.1
Project("{FAE04EC0-301F-11D3-BF4B-00C04F79EFBC}") = "Navegacion.Android", "Navegacion\Navegacion.Android\Navegacion.Android.csproj", "{4853B055-4F68-44FA-9EED-2947FC8AC8D8}"
EndProject
Project("{FAE04EC0-301F-11D3-BF4B-00C04F79EFBC}") = "Navegacion", "Navegacion\Navegacion\Navegacion.csproj", "{68B98D12-1D4D-4E6B-8D0A-A25574B31717}"
EndProject
Project("{FAE04EC0-301F-11D3-BF4B-00C04F79EFBC}") = "Navegacion.UWP", "Navegacion\Navegacion.UWP\Navegacion.UWP.csproj", "{29759A18-10B9-4CED-A8BA-A3AFB92B3005}"
EndProject
Project("{FAE04EC0-301F-11D3-BF4B-00C04F79EFBC}") = "Navegacion.iOS", "Navegacion\Navegacion.iOS\Navegacion.iOS.csproj", "{5C4D29DD-4EA2-41FE-BE15-87F625747EFE}"
EndProject
Global
	GlobalSection(SolutionConfigurationPlatforms) = preSolution
		Ad-Hoc|Any CPU = Ad-Hoc|Any CPU
		Ad-Hoc|ARM = Ad-Hoc|ARM
		Ad-Hoc|iPhone = Ad-Hoc|iPhone
		Ad-Hoc|iPhoneSimulator = Ad-Hoc|iPhoneSimulator
		Ad-Hoc|x64 = Ad-Hoc|x64
		Ad-Hoc|x86 = Ad-Hoc|x86
		AppStore|Any CPU = AppStore|Any CPU
		AppStore|ARM = AppStore|ARM
		AppStore|iPhone = AppStore|iPhone
		AppStore|iPhoneSimulator = AppStore|iPhoneSimulator
		AppStore|x64 = AppStore|x64
		AppStore|x86 = AppStore|x86
		Debug|Any CPU = Debug|Any CPU
		Debug|ARM = Debug|ARM
		Debug|iPhone = Debug|iPhone
		Debug|iPhoneSimulator = Debug|iPhoneSimulator
		Debug|x64 = Debug|x64
		Debug|x86 = Debug|x86
		Release|Any CPU = Release|Any CPU
		Release|ARM = Release|ARM
		Release|iPhone = Release|iPhone
		Release|iPhoneSimulator = Release|iPhoneSimulator
		Release|x64 = Release|x64
		Release|x86 = Release|x86
	EndGlobalSection
	GlobalSection(ProjectConfigurationPlatforms) = postSolution
		{4853B055-4F68-44FA-9EED-2947FC8AC8D8}.Ad-Hoc|Any CPU.ActiveCfg = Release|Any CPU
		{4853B055-4F68-44FA-9EED-2947FC8AC8D8}.Ad-Hoc|Any CPU.Build.0 = Release|Any CPU
		{4853B055-4F68-44FA-9EED-2947FC8AC8D8}.Ad-Hoc|Any CPU.Deploy.0 = Release|Any CPU
		{4853B055-4F68-44FA-9EED-2947FC8AC8D8}.Ad-Hoc|ARM.ActiveCfg = Release|Any CPU
		{4853B055-4F68-44FA-9EED-2947FC8AC8D8}.Ad-Hoc|ARM.Build.0 = Release|Any CPU
		{4853B055-4F68-44FA-9EED-2947FC8AC8D8}.Ad-Hoc|ARM.Deploy.0 = Release|Any CPU
		{4853B055-4F68-44FA-9EED-2947FC8AC8D8}.Ad-Hoc|iPhone.ActiveCfg = Release|Any CPU
		{4853B055-4F68-44FA-9EED-2947FC8AC8D8}.Ad-Hoc|iPhone.Build.0 = Release|Any CPU
		{4853B055-4F68-44FA-9EED-2947FC8AC8D8}.Ad-Hoc|iPhone.Deploy.0 = Release|Any CPU
		{4853B055-4F68-44FA-9EED-2947FC8AC8D8}.Ad-Hoc|iPhoneSimulator.ActiveCfg = Release|Any CPU
		{4853B055-4F68-44FA-9EED-2947FC8AC8D8}.Ad-Hoc|iPhoneSimulator.Build.0 = Release|Any CPU
		{4853B055-4F68-44FA-9EED-2947FC8AC8D8}.Ad-Hoc|iPhoneSimulator.Deploy.0 = Release|Any CPU
		{4853B055-4F68-44FA-9EED-2947FC8AC8D8}.Ad-Hoc|x64.ActiveCfg = Release|Any CPU
		{4853B055-4F68-44FA-9EED-2947FC8AC8D8}.Ad-Hoc|x64.Build.0 = Release|Any CPU
		{4853B055-4F68-44FA-9EED-2947FC8AC8D8}.Ad-Hoc|x64.Deploy.0 = Release|Any CPU
		{4853B055-4F68-44FA-9EED-2947FC8AC8D8}.Ad-Hoc|x86.ActiveCfg = Release|Any CPU
		{4853B055-4F68-44FA-9EED-2947FC8AC8D8}.Ad-Hoc|x86.Build.0 = Release|Any CPU
		{4853B055-4F68-44FA-9EED-2947FC8AC8D8}.Ad-Hoc|x86.Deploy.0 = Release|Any CPU
		{4853B055-4F68-44FA-9EED-2947FC8AC8D8}.AppStore|Any CPU.ActiveCfg = Release|Any CPU
		{4853B055-4F68-44FA-9EED-2947FC8AC8D8}.AppStore|Any CPU.Build.0 = Release|Any CPU
		{4853B055-4F68-44FA-9EED-2947FC8AC8D8}.AppStore|Any CPU.Deploy.0 = Release|Any CPU
		{4853B055-4F68-44FA-9EED-2947FC8AC8D8}.AppStore|ARM.ActiveCfg = Release|Any CPU
		{4853B055-4F68-44FA-9EED-2947FC8AC8D8}.AppStore|ARM.Build.0 = Release|Any CPU
		{4853B055-4F68-44FA-9EED-2947FC8AC8D8}.AppStore|ARM.Deploy.0 = Release|Any CPU
		{4853B055-4F68-44FA-9EED-2947FC8AC8D8}.AppStore|iPhone.ActiveCfg = Release|Any CPU
		{4853B055-4F68-44FA-9EED-2947FC8AC8D8}.AppStore|iPhone.Build.0 = Release|Any CPU
		{4853B055-4F68-44FA-9EED-2947FC8AC8D8}.AppStore|iPhone.Deploy.0 = Release|Any CPU
		{4853B055-4F68-44FA-9EED-2947FC8AC8D8}.AppStore|iPhoneSimulator.ActiveCfg = Release|Any CPU
		{4853B055-4F68-44FA-9EED-2947FC8AC8D8}.AppStore|iPhoneSimulator.Build.0 = Release|Any CPU
		{4853B055-4F68-44FA-9EED-2947FC8AC8D8}.AppStore|iPhoneSimulator.Deploy.0 = Release|Any CPU
		{4853B055-4F68-44FA-9EED-2947FC8AC8D8}.AppStore|x64.ActiveCfg = Release|Any CPU
		{4853B055-4F68-44FA-9EED-2947FC8AC8D8}.AppStore|x64.Build.0 = Release|Any CPU
		{4853B055-4F68-44FA-9EED-2947FC8AC8D8}.AppStore|x64.Deploy.0 = Release|Any CPU
		{4853B055-4F68-44FA-9EED-2947FC8AC8D8}.AppStore|x86.ActiveCfg = Release|Any CPU
		{4853B055-4F68-44FA-9EED-2947FC8AC8D8}.AppStore|x86.Build.0 = Release|Any CPU
		{4853B055-4F68-44FA-9EED-2947FC8AC8D8}.AppStore|x86.Deploy.0 = Release|Any CPU
		{4853B055-4F68-44FA-9EED-2947FC8AC8D8}.Debug|Any CPU.ActiveCfg = Debug|Any CPU
		{4853B055-4F68-44FA-9EED-2947FC8AC8D8}.Debug|Any CPU.Build.0 = Debug|Any CPU
		{4853B055-4F68-44FA-9EED-2947FC8AC8D8}.Debug|Any CPU.Deploy.0 = Debug|Any CPU
		{4853B055-4F68-44FA-9EED-2947FC8AC8D8}.Debug|ARM.ActiveCfg = Debug|Any CPU
		{4853B055-4F68-44FA-9EED-2947FC8AC8D8}.Debug|ARM.Build.0 = Debug|Any CPU
		{4853B055-4F68-44FA-9EED-2947FC8AC8D8}.Debug|ARM.Deploy.0 = Debug|Any CPU
		{4853B055-4F68-44FA-9EED-2947FC8AC8D8}.Debug|iPhone.ActiveCfg = Debug|Any CPU
		{4853B055-4F68-44FA-9EED-2947FC8AC8D8}.Debug|iPhone.Build.0 = Debug|Any CPU
		{4853B055-4F68-44FA-9EED-2947FC8AC8D8}.Debug|iPhone.Deploy.0 = Debug|Any CPU
		{4853B055-4F68-44FA-9EED-2947FC8AC8D8}.Debug|iPhoneSimulator.ActiveCfg = Debug|Any CPU
		{4853B055-4F68-44FA-9EED-2947FC8AC8D8}.Debug|iPhoneSimulator.Build.0 = Debug|Any CPU
		{4853B055-4F68-44FA-9EED-2947FC8AC8D8}.Debug|iPhoneSimulator.Deploy.0 = Debug|Any CPU
		{4853B055-4F68-44FA-9EED-2947FC8AC8D8}.Debug|x64.ActiveCfg = Debug|Any CPU
		{4853B055-4F68-44FA-9EED-2947FC8AC8D8}.Debug|x64.Build.0 = Debug|Any CPU
		{4853B055-4F68-44FA-9EED-2947FC8AC8D8}.Debug|x64.Deploy.0 = Debug|Any CPU
		{4853B055-4F68-44FA-9EED-2947FC8AC8D8}.Debug|x86.ActiveCfg = Debug|Any CPU
		{4853B055-4F68-44FA-9EED-2947FC8AC8D8}.Debug|x86.Build.0 = Debug|Any CPU
		{4853B055-4F68-44FA-9EED-2947FC8AC8D8}.Debug|x86.Deploy.0 = Debug|Any CPU
		{4853B055-4F68-44FA-9EED-2947FC8AC8D8}.Release|Any CPU.ActiveCfg = Release|Any CPU
		{4853B055-4F68-44FA-9EED-2947FC8AC8D8}.Release|Any CPU.Build.0 = Release|Any CPU
		{4853B055-4F68-44FA-9EED-2947FC8AC8D8}.Release|Any CPU.Deploy.0 = Release|Any CPU
		{4853B055-4F68-44FA-9EED-2947FC8AC8D8}.Release|ARM.ActiveCfg = Release|Any CPU
		{4853B055-4F68-44FA-9EED-2947FC8AC8D8}.Release|ARM.Build.0 = Release|Any CPU
		{4853B055-4F68-44FA-9EED-2947FC8AC8D8}.Release|ARM.Deploy.0 = Release|Any CPU
		{4853B055-4F68-44FA-9EED-2947FC8AC8D8}.Release|iPhone.ActiveCfg = Release|Any CPU
		{4853B055-4F68-44FA-9EED-2947FC8AC8D8}.Release|iPhone.Build.0 = Release|Any CPU
		{4853B055-4F68-44FA-9EED-2947FC8AC8D8}.Release|iPhone.Deploy.0 = Release|Any CPU
		{4853B055-4F68-44FA-9EED-2947FC8AC8D8}.Release|iPhoneSimulator.ActiveCfg = Release|Any CPU
		{4853B055-4F68-44FA-9EED-2947FC8AC8D8}.Release|iPhoneSimulator.Build.0 = Release|Any CPU
		{4853B055-4F68-44FA-9EED-2947FC8AC8D8}.Release|iPhoneSimulator.Deploy.0 = Release|Any CPU
		{4853B055-4F68-44FA-9EED-2947FC8AC8D8}.Release|x64.ActiveCfg = Release|Any CPU
		{4853B055-4F68-44FA-9EED-2947FC8AC8D8}.Release|x64.Build.0 = Release|Any CPU
		{4853B055-4F68-44FA-9EED-2947FC8AC8D8}.Release|x64.Deploy.0 = Release|Any CPU
		{4853B055-4F68-44FA-9EED-2947FC8AC8D8}.Release|x86.ActiveCfg = Release|Any CPU
		{4853B055-4F68-44FA-9EED-2947FC8AC8D8}.Release|x86.Build.0 = Release|Any CPU
		{4853B055-4F68-44FA-9EED-2947FC8AC8D8}.Release|x86.Deploy.0 = Release|Any CPU
		{68B98D12-1D4D-4E6B-8D0A-A25574B31717}.Ad-Hoc|Any CPU.ActiveCfg = Release|Any CPU
		{68B98D12-1D4D-4E6B-8D0A-A25574B31717}.Ad-Hoc|Any CPU.Build.0 = Release|Any CPU
		{68B98D12-1D4D-4E6B-8D0A-A25574B31717}.Ad-Hoc|ARM.ActiveCfg = Release|Any CPU
		{68B98D12-1D4D-4E6B-8D0A-A25574B31717}.Ad-Hoc|ARM.Build.0 = Release|Any CPU
		{68B98D12-1D4D-4E6B-8D0A-A25574B31717}.Ad-Hoc|iPhone.ActiveCfg = Release|Any CPU
		{68B98D12-1D4D-4E6B-8D0A-A25574B31717}.Ad-Hoc|iPhone.Build.0 = Release|Any CPU
		{68B98D12-1D4D-4E6B-8D0A-A25574B31717}.Ad-Hoc|iPhoneSimulator.ActiveCfg = Release|Any CPU
		{68B98D12-1D4D-4E6B-8D0A-A25574B31717}.Ad-Hoc|iPhoneSimulator.Build.0 = Release|Any CPU
		{68B98D12-1D4D-4E6B-8D0A-A25574B31717}.Ad-Hoc|x64.ActiveCfg = Release|Any CPU
		{68B98D12-1D4D-4E6B-8D0A-A25574B31717}.Ad-Hoc|x64.Build.0 = Release|Any CPU
		{68B98D12-1D4D-4E6B-8D0A-A25574B31717}.Ad-Hoc|x86.ActiveCfg = Release|Any CPU
		{68B98D12-1D4D-4E6B-8D0A-A25574B31717}.Ad-Hoc|x86.Build.0 = Release|Any CPU
		{68B98D12-1D4D-4E6B-8D0A-A25574B31717}.AppStore|Any CPU.ActiveCfg = Release|Any CPU
		{68B98D12-1D4D-4E6B-8D0A-A25574B31717}.AppStore|Any CPU.Build.0 = Release|Any CPU
		{68B98D12-1D4D-4E6B-8D0A-A25574B31717}.AppStore|ARM.ActiveCfg = Release|Any CPU
		{68B98D12-1D4D-4E6B-8D0A-A25574B31717}.AppStore|ARM.Build.0 = Release|Any CPU
		{68B98D12-1D4D-4E6B-8D0A-A25574B31717}.AppStore|iPhone.ActiveCfg = Release|Any CPU
		{68B98D12-1D4D-4E6B-8D0A-A25574B31717}.AppStore|iPhone.Build.0 = Release|Any CPU
		{68B98D12-1D4D-4E6B-8D0A-A25574B31717}.AppStore|iPhoneSimulator.ActiveCfg = Release|Any CPU
		{68B98D12-1D4D-4E6B-8D0A-A25574B31717}.AppStore|iPhoneSimulator.Build.0 = Release|Any CPU
		{68B98D12-1D4D-4E6B-8D0A-A25574B31717}.AppStore|x64.ActiveCfg = Release|Any CPU
		{68B98D12-1D4D-4E6B-8D0A-A25574B31717}.AppStore|x64.Build.0 = Release|Any CPU
		{68B98D12-1D4D-4E6B-8D0A-A25574B31717}.AppStore|x86.ActiveCfg = Release|Any CPU
		{68B98D12-1D4D-4E6B-8D0A-A25574B31717}.AppStore|x86.Build.0 = Release|Any CPU
		{68B98D12-1D4D-4E6B-8D0A-A25574B31717}.Debug|Any CPU.ActiveCfg = Debug|Any CPU
		{68B98D12-1D4D-4E6B-8D0A-A25574B31717}.Debug|Any CPU.Build.0 = Debug|Any CPU
		{68B98D12-1D4D-4E6B-8D0A-A25574B31717}.Debug|ARM.ActiveCfg = Debug|Any CPU
		{68B98D12-1D4D-4E6B-8D0A-A25574B31717}.Debug|ARM.Build.0 = Debug|Any CPU
		{68B98D12-1D4D-4E6B-8D0A-A25574B31717}.Debug|iPhone.ActiveCfg = Debug|Any CPU
		{68B98D12-1D4D-4E6B-8D0A-A25574B31717}.Debug|iPhone.Build.0 = Debug|Any CPU
		{68B98D12-1D4D-4E6B-8D0A-A25574B31717}.Debug|iPhoneSimulator.ActiveCfg = Debug|Any CPU
		{68B98D12-1D4D-4E6B-8D0A-A25574B31717}.Debug|iPhoneSimulator.Build.0 = Debug|Any CPU
		{68B98D12-1D4D-4E6B-8D0A-A25574B31717}.Debug|x64.ActiveCfg = Debug|Any CPU
		{68B98D12-1D4D-4E6B-8D0A-A25574B31717}.Debug|x64.Build.0 = Debug|Any CPU
		{68B98D12-1D4D-4E6B-8D0A-A25574B31717}.Debug|x86.ActiveCfg = Debug|Any CPU
		{68B98D12-1D4D-4E6B-8D0A-A25574B31717}.Debug|x86.Build.0 = Debug|Any CPU
		{68B98D12-1D4D-4E6B-8D0A-A25574B31717}.Release|Any CPU.ActiveCfg = Release|Any CPU
		{68B98D12-1D4D-4E6B-8D0A-A25574B31717}.Release|Any CPU.Build.0 = Release|Any CPU
		{68B98D12-1D4D-4E6B-8D0A-A25574B31717}.Release|ARM.ActiveCfg = Release|Any CPU
		{68B98D12-1D4D-4E6B-8D0A-A25574B31717}.Release|ARM.Build.0 = Release|Any CPU
		{68B98D12-1D4D-4E6B-8D0A-A25574B31717}.Release|iPhone.ActiveCfg = Release|Any CPU
		{68B98D12-1D4D-4E6B-8D0A-A25574B31717}.Release|iPhone.Build.0 = Release|Any CPU
		{68B98D12-1D4D-4E6B-8D0A-A25574B31717}.Release|iPhoneSimulator.ActiveCfg = Release|Any CPU
		{68B98D12-1D4D-4E6B-8D0A-A25574B31717}.Release|iPhoneSimulator.Build.0 = Release|Any CPU
		{68B98D12-1D4D-4E6B-8D0A-A25574B31717}.Release|x64.ActiveCfg = Release|Any CPU
		{68B98D12-1D4D-4E6B-8D0A-A25574B31717}.Release|x64.Build.0 = Release|Any CPU
		{68B98D12-1D4D-4E6B-8D0A-A25574B31717}.Release|x86.ActiveCfg = Release|Any CPU
		{68B98D12-1D4D-4E6B-8D0A-A25574B31717}.Release|x86.Build.0 = Release|Any CPU
		{29759A18-10B9-4CED-A8BA-A3AFB92B3005}.Ad-Hoc|Any CPU.ActiveCfg = Release|x86
		{29759A18-10B9-4CED-A8BA-A3AFB92B3005}.Ad-Hoc|Any CPU.Build.0 = Release|x86
		{29759A18-10B9-4CED-A8BA-A3AFB92B3005}.Ad-Hoc|Any CPU.Deploy.0 = Release|x86
		{29759A18-10B9-4CED-A8BA-A3AFB92B3005}.Ad-Hoc|ARM.ActiveCfg = Release|ARM
		{29759A18-10B9-4CED-A8BA-A3AFB92B3005}.Ad-Hoc|ARM.Build.0 = Release|ARM
		{29759A18-10B9-4CED-A8BA-A3AFB92B3005}.Ad-Hoc|ARM.Deploy.0 = Release|ARM
		{29759A18-10B9-4CED-A8BA-A3AFB92B3005}.Ad-Hoc|iPhone.ActiveCfg = Release|x86
		{29759A18-10B9-4CED-A8BA-A3AFB92B3005}.Ad-Hoc|iPhone.Build.0 = Release|x86
		{29759A18-10B9-4CED-A8BA-A3AFB92B3005}.Ad-Hoc|iPhone.Deploy.0 = Release|x86
		{29759A18-10B9-4CED-A8BA-A3AFB92B3005}.Ad-Hoc|iPhoneSimulator.ActiveCfg = Release|x86
		{29759A18-10B9-4CED-A8BA-A3AFB92B3005}.Ad-Hoc|iPhoneSimulator.Build.0 = Release|x86
		{29759A18-10B9-4CED-A8BA-A3AFB92B3005}.Ad-Hoc|iPhoneSimulator.Deploy.0 = Release|x86
		{29759A18-10B9-4CED-A8BA-A3AFB92B3005}.Ad-Hoc|x64.ActiveCfg = Release|x64
		{29759A18-10B9-4CED-A8BA-A3AFB92B3005}.Ad-Hoc|x64.Build.0 = Release|x64
		{29759A18-10B9-4CED-A8BA-A3AFB92B3005}.Ad-Hoc|x64.Deploy.0 = Release|x64
		{29759A18-10B9-4CED-A8BA-A3AFB92B3005}.Ad-Hoc|x86.ActiveCfg = Release|x86
		{29759A18-10B9-4CED-A8BA-A3AFB92B3005}.Ad-Hoc|x86.Build.0 = Release|x86
		{29759A18-10B9-4CED-A8BA-A3AFB92B3005}.Ad-Hoc|x86.Deploy.0 = Release|x86
		{29759A18-10B9-4CED-A8BA-A3AFB92B3005}.AppStore|Any CPU.ActiveCfg = Release|x86
		{29759A18-10B9-4CED-A8BA-A3AFB92B3005}.AppStore|Any CPU.Build.0 = Release|x86
		{29759A18-10B9-4CED-A8BA-A3AFB92B3005}.AppStore|Any CPU.Deploy.0 = Release|x86
		{29759A18-10B9-4CED-A8BA-A3AFB92B3005}.AppStore|ARM.ActiveCfg = Release|ARM
		{29759A18-10B9-4CED-A8BA-A3AFB92B3005}.AppStore|ARM.Build.0 = Release|ARM
		{29759A18-10B9-4CED-A8BA-A3AFB92B3005}.AppStore|ARM.Deploy.0 = Release|ARM
		{29759A18-10B9-4CED-A8BA-A3AFB92B3005}.AppStore|iPhone.ActiveCfg = Release|x86
		{29759A18-10B9-4CED-A8BA-A3AFB92B3005}.AppStore|iPhone.Build.0 = Release|x86
		{29759A18-10B9-4CED-A8BA-A3AFB92B3005}.AppStore|iPhone.Deploy.0 = Release|x86
		{29759A18-10B9-4CED-A8BA-A3AFB92B3005}.AppStore|iPhoneSimulator.ActiveCfg = Release|x86
		{29759A18-10B9-4CED-A8BA-A3AFB92B3005}.AppStore|iPhoneSimulator.Build.0 = Release|x86
		{29759A18-10B9-4CED-A8BA-A3AFB92B3005}.AppStore|iPhoneSimulator.Deploy.0 = Release|x86
		{29759A18-10B9-4CED-A8BA-A3AFB92B3005}.AppStore|x64.ActiveCfg = Release|x64
		{29759A18-10B9-4CED-A8BA-A3AFB92B3005}.AppStore|x64.Build.0 = Release|x64
		{29759A18-10B9-4CED-A8BA-A3AFB92B3005}.AppStore|x64.Deploy.0 = Release|x64
		{29759A18-10B9-4CED-A8BA-A3AFB92B3005}.AppStore|x86.ActiveCfg = Release|x86
		{29759A18-10B9-4CED-A8BA-A3AFB92B3005}.AppStore|x86.Build.0 = Release|x86
		{29759A18-10B9-4CED-A8BA-A3AFB92B3005}.AppStore|x86.Deploy.0 = Release|x86
		{29759A18-10B9-4CED-A8BA-A3AFB92B3005}.Debug|Any CPU.ActiveCfg = Debug|x86
		{29759A18-10B9-4CED-A8BA-A3AFB92B3005}.Debug|ARM.ActiveCfg = Debug|ARM
		{29759A18-10B9-4CED-A8BA-A3AFB92B3005}.Debug|ARM.Build.0 = Debug|ARM
		{29759A18-10B9-4CED-A8BA-A3AFB92B3005}.Debug|ARM.Deploy.0 = Debug|ARM
		{29759A18-10B9-4CED-A8BA-A3AFB92B3005}.Debug|iPhone.ActiveCfg = Debug|x86
		{29759A18-10B9-4CED-A8BA-A3AFB92B3005}.Debug|iPhoneSimulator.ActiveCfg = Debug|x86
		{29759A18-10B9-4CED-A8BA-A3AFB92B3005}.Debug|x64.ActiveCfg = Debug|x64
		{29759A18-10B9-4CED-A8BA-A3AFB92B3005}.Debug|x64.Build.0 = Debug|x64
		{29759A18-10B9-4CED-A8BA-A3AFB92B3005}.Debug|x64.Deploy.0 = Debug|x64
		{29759A18-10B9-4CED-A8BA-A3AFB92B3005}.Debug|x86.ActiveCfg = Debug|x86
		{29759A18-10B9-4CED-A8BA-A3AFB92B3005}.Debug|x86.Build.0 = Debug|x86
		{29759A18-10B9-4CED-A8BA-A3AFB92B3005}.Debug|x86.Deploy.0 = Debug|x86
		{29759A18-10B9-4CED-A8BA-A3AFB92B3005}.Release|Any CPU.ActiveCfg = Release|x86
		{29759A18-10B9-4CED-A8BA-A3AFB92B3005}.Release|ARM.ActiveCfg = Release|ARM
		{29759A18-10B9-4CED-A8BA-A3AFB92B3005}.Release|ARM.Build.0 = Release|ARM
		{29759A18-10B9-4CED-A8BA-A3AFB92B3005}.Release|ARM.Deploy.0 = Release|ARM
		{29759A18-10B9-4CED-A8BA-A3AFB92B3005}.Release|iPhone.ActiveCfg = Release|x86
		{29759A18-10B9-4CED-A8BA-A3AFB92B3005}.Release|iPhoneSimulator.ActiveCfg = Release|x86
		{29759A18-10B9-4CED-A8BA-A3AFB92B3005}.Release|x64.ActiveCfg = Release|x64
		{29759A18-10B9-4CED-A8BA-A3AFB92B3005}.Release|x64.Build.0 = Release|x64
		{29759A18-10B9-4CED-A8BA-A3AFB92B3005}.Release|x64.Deploy.0 = Release|x64
		{29759A18-10B9-4CED-A8BA-A3AFB92B3005}.Release|x86.ActiveCfg = Release|x86
		{29759A18-10B9-4CED-A8BA-A3AFB92B3005}.Release|x86.Build.0 = Release|x86
		{29759A18-10B9-4CED-A8BA-A3AFB92B3005}.Release|x86.Deploy.0 = Release|x86
		{5C4D29DD-4EA2-41FE-BE15-87F625747EFE}.Ad-Hoc|Any CPU.ActiveCfg = Ad-Hoc|iPhone
		{5C4D29DD-4EA2-41FE-BE15-87F625747EFE}.Ad-Hoc|ARM.ActiveCfg = Ad-Hoc|iPhone
		{5C4D29DD-4EA2-41FE-BE15-87F625747EFE}.Ad-Hoc|iPhone.ActiveCfg = Ad-Hoc|iPhone
		{5C4D29DD-4EA2-41FE-BE15-87F625747EFE}.Ad-Hoc|iPhone.Build.0 = Ad-Hoc|iPhone
		{5C4D29DD-4EA2-41FE-BE15-87F625747EFE}.Ad-Hoc|iPhoneSimulator.ActiveCfg = Ad-Hoc|iPhoneSimulator
		{5C4D29DD-4EA2-41FE-BE15-87F625747EFE}.Ad-Hoc|iPhoneSimulator.Build.0 = Ad-Hoc|iPhoneSimulator
		{5C4D29DD-4EA2-41FE-BE15-87F625747EFE}.Ad-Hoc|x64.ActiveCfg = Ad-Hoc|iPhone
		{5C4D29DD-4EA2-41FE-BE15-87F625747EFE}.Ad-Hoc|x86.ActiveCfg = Ad-Hoc|iPhone
		{5C4D29DD-4EA2-41FE-BE15-87F625747EFE}.AppStore|Any CPU.ActiveCfg = AppStore|iPhone
		{5C4D29DD-4EA2-41FE-BE15-87F625747EFE}.AppStore|ARM.ActiveCfg = AppStore|iPhone
		{5C4D29DD-4EA2-41FE-BE15-87F625747EFE}.AppStore|iPhone.ActiveCfg = AppStore|iPhone
		{5C4D29DD-4EA2-41FE-BE15-87F625747EFE}.AppStore|iPhone.Build.0 = AppStore|iPhone
		{5C4D29DD-4EA2-41FE-BE15-87F625747EFE}.AppStore|iPhoneSimulator.ActiveCfg = AppStore|iPhoneSimulator
		{5C4D29DD-4EA2-41FE-BE15-87F625747EFE}.AppStore|iPhoneSimulator.Build.0 = AppStore|iPhoneSimulator
		{5C4D29DD-4EA2-41FE-BE15-87F625747EFE}.AppStore|x64.ActiveCfg = AppStore|iPhone
		{5C4D29DD-4EA2-41FE-BE15-87F625747EFE}.AppStore|x86.ActiveCfg = AppStore|iPhone
		{5C4D29DD-4EA2-41FE-BE15-87F625747EFE}.Debug|Any CPU.ActiveCfg = Debug|iPhone
		{5C4D29DD-4EA2-41FE-BE15-87F625747EFE}.Debug|ARM.ActiveCfg = Debug|iPhone
		{5C4D29DD-4EA2-41FE-BE15-87F625747EFE}.Debug|iPhone.ActiveCfg = Debug|iPhone
		{5C4D29DD-4EA2-41FE-BE15-87F625747EFE}.Debug|iPhone.Build.0 = Debug|iPhone
		{5C4D29DD-4EA2-41FE-BE15-87F625747EFE}.Debug|iPhoneSimulator.ActiveCfg = Debug|iPhoneSimulator
		{5C4D29DD-4EA2-41FE-BE15-87F625747EFE}.Debug|iPhoneSimulator.Build.0 = Debug|iPhoneSimulator
		{5C4D29DD-4EA2-41FE-BE15-87F625747EFE}.Debug|x64.ActiveCfg = Debug|iPhone
		{5C4D29DD-4EA2-41FE-BE15-87F625747EFE}.Debug|x86.ActiveCfg = Debug|iPhone
		{5C4D29DD-4EA2-41FE-BE15-87F625747EFE}.Release|Any CPU.ActiveCfg = Release|iPhone
		{5C4D29DD-4EA2-41FE-BE15-87F625747EFE}.Release|ARM.ActiveCfg = Release|iPhone
		{5C4D29DD-4EA2-41FE-BE15-87F625747EFE}.Release|iPhone.ActiveCfg = Release|iPhone
		{5C4D29DD-4EA2-41FE-BE15-87F625747EFE}.Release|iPhone.Build.0 = Release|iPhone
		{5C4D29DD-4EA2-41FE-BE15-87F625747EFE}.Release|iPhoneSimulator.ActiveCfg = Release|iPhoneSimulator
		{5C4D29DD-4EA2-41FE-BE15-87F625747EFE}.Release|iPhoneSimulator.Build.0 = Release|iPhoneSimulator
		{5C4D29DD-4EA2-41FE-BE15-87F625747EFE}.Release|x64.ActiveCfg = Release|iPhone
		{5C4D29DD-4EA2-41FE-BE15-87F625747EFE}.Release|x86.ActiveCfg = Release|iPhone
	EndGlobalSection
	GlobalSection(SolutionProperties) = preSolution
		HideSolutionNode = FALSE
	EndGlobalSection
	GlobalSection(ExtensibilityGlobals) = postSolution
		SolutionGuid = {18C71B79-759D-4B41-8176-4A9F33404289}
	EndGlobalSection
EndGlobal
